// !$*UTF8*$!
{
	archiveVersion = 1;
	classes = {
	};
	objectVersion = 50;
	objects = {

/* Begin PBXBuildFile section */
		8C96700520FDB22500F7DB34 /* AppDelegate.swift in Sources */ = {isa = PBXBuildFile; fileRef = 8C96700420FDB22500F7DB34 /* AppDelegate.swift */; };
		8C96700720FDB22500F7DB34 /* ViewController.swift in Sources */ = {isa = PBXBuildFile; fileRef = 8C96700620FDB22500F7DB34 /* ViewController.swift */; };
		8C96700A20FDB22500F7DB34 /* Main.storyboard in Resources */ = {isa = PBXBuildFile; fileRef = 8C96700820FDB22500F7DB34 /* Main.storyboard */; };
		8C96700C20FDB22700F7DB34 /* Assets.xcassets in Resources */ = {isa = PBXBuildFile; fileRef = 8C96700B20FDB22700F7DB34 /* Assets.xcassets */; };
		8C96700F20FDB22700F7DB34 /* LaunchScreen.storyboard in Resources */ = {isa = PBXBuildFile; fileRef = 8C96700D20FDB22700F7DB34 /* LaunchScreen.storyboard */; };
		8C96701B20FDDE5600F7DB34 /* KryptonoPaymentSDK.framework in Frameworks */ = {isa = PBXBuildFile; fileRef = 8C96701920FDB2BD00F7DB34 /* KryptonoPaymentSDK.framework */; };
		8C96701C20FDDE5600F7DB34 /* KryptonoPaymentSDK.framework in Embed Frameworks */ = {isa = PBXBuildFile; fileRef = 8C96701920FDB2BD00F7DB34 /* KryptonoPaymentSDK.framework */; settings = {ATTRIBUTES = (CodeSignOnCopy, RemoveHeadersOnCopy, ); }; };
/* End PBXBuildFile section */

/* Begin PBXCopyFilesBuildPhase section */
		8C96701D20FDDE5600F7DB34 /* Embed Frameworks */ = {
			isa = PBXCopyFilesBuildPhase;
			buildActionMask = 2147483647;
			dstPath = "";
			dstSubfolderSpec = 10;
			files = (
				8C96701C20FDDE5600F7DB34 /* KryptonoPaymentSDK.framework in Embed Frameworks */,
			);
			name = "Embed Frameworks";
			runOnlyForDeploymentPostprocessing = 0;
		};
/* End PBXCopyFilesBuildPhase section */

/* Begin PBXFileReference section */
		8C96700120FDB22500F7DB34 /* KPSSampleSwift.app */ = {isa = PBXFileReference; explicitFileType = wrapper.application; includeInIndex = 0; path = KPSSampleSwift.app; sourceTree = BUILT_PRODUCTS_DIR; };
		8C96700420FDB22500F7DB34 /* AppDelegate.swift */ = {isa = PBXFileReference; lastKnownFileType = sourcecode.swift; path = AppDelegate.swift; sourceTree = "<group>"; };
		8C96700620FDB22500F7DB34 /* ViewController.swift */ = {isa = PBXFileReference; lastKnownFileType = sourcecode.swift; path = ViewController.swift; sourceTree = "<group>"; };
		8C96700920FDB22500F7DB34 /* Base */ = {isa = PBXFileReference; lastKnownFileType = file.storyboard; name = Base; path = Base.lproj/Main.storyboard; sourceTree = "<group>"; };
		8C96700B20FDB22700F7DB34 /* Assets.xcassets */ = {isa = PBXFileReference; lastKnownFileType = folder.assetcatalog; path = Assets.xcassets; sourceTree = "<group>"; };
		8C96700E20FDB22700F7DB34 /* Base */ = {isa = PBXFileReference; lastKnownFileType = file.storyboard; name = Base; path = Base.lproj/LaunchScreen.storyboard; sourceTree = "<group>"; };
		8C96701020FDB22700F7DB34 /* Info.plist */ = {isa = PBXFileReference; lastKnownFileType = text.plist.xml; path = Info.plist; sourceTree = "<group>"; };
		8C96701920FDB2BD00F7DB34 /* KryptonoPaymentSDK.framework */ = {isa = PBXFileReference; lastKnownFileType = wrapper.framework; path = KryptonoPaymentSDK.framework; sourceTree = "<group>"; };
/* End PBXFileReference section */

/* Begin PBXFrameworksBuildPhase section */
		8C966FFE20FDB22500F7DB34 /* Frameworks */ = {
			isa = PBXFrameworksBuildPhase;
			buildActionMask = 2147483647;
			files = (
				8C96701B20FDDE5600F7DB34 /* KryptonoPaymentSDK.framework in Frameworks */,
			);
			runOnlyForDeploymentPostprocessing = 0;
		};
/* End PBXFrameworksBuildPhase section */

/* Begin PBXGroup section */
		8C966FF820FDB22500F7DB34 = {
			isa = PBXGroup;
			children = (
				8C96700320FDB22500F7DB34 /* KPSSampleSwift */,
				8C96700220FDB22500F7DB34 /* Products */,
			);
			sourceTree = "<group>";
		};
		8C96700220FDB22500F7DB34 /* Products */ = {
			isa = PBXGroup;
			children = (
				8C96700120FDB22500F7DB34 /* KPSSampleSwift.app */,
			);
			name = Products;
			sourceTree = "<group>";
		};
		8C96700320FDB22500F7DB34 /* KPSSampleSwift */ = {
			isa = PBXGroup;
			children = (
				8C96700420FDB22500F7DB34 /* AppDelegate.swift */,
				8C96700620FDB22500F7DB34 /* ViewController.swift */,
				8C96701820FDB25000F7DB34 /* Framework */,
				8C96701620FDB23C00F7DB34 /* Supporting Files */,
			);
			path = KPSSampleSwift;
			sourceTree = "<group>";
		};
		8C96701620FDB23C00F7DB34 /* Supporting Files */ = {
			isa = PBXGroup;
			children = (
				8C96700820FDB22500F7DB34 /* Main.storyboard */,
				8C96700B20FDB22700F7DB34 /* Assets.xcassets */,
				8C96700D20FDB22700F7DB34 /* LaunchScreen.storyboard */,
				8C96701020FDB22700F7DB34 /* Info.plist */,
			);
			path = "Supporting Files";
			sourceTree = "<group>";
		};
		8C96701820FDB25000F7DB34 /* Framework */ = {
			isa = PBXGroup;
			children = (
				8C96701920FDB2BD00F7DB34 /* KryptonoPaymentSDK.framework */,
			);
			path = Framework;
			sourceTree = "<group>";
		};
/* End PBXGroup section */

/* Begin PBXNativeTarget section */
		8C96700020FDB22500F7DB34 /* KPSSampleSwift */ = {
			isa = PBXNativeTarget;
			buildConfigurationList = 8C96701320FDB22700F7DB34 /* Build configuration list for PBXNativeTarget "KPSSampleSwift" */;
			buildPhases = (
				8C966FFD20FDB22500F7DB34 /* Sources */,
				8C966FFE20FDB22500F7DB34 /* Frameworks */,
				8C966FFF20FDB22500F7DB34 /* Resources */,
				8C96701D20FDDE5600F7DB34 /* Embed Frameworks */,
			);
			buildRules = (
			);
			dependencies = (
			);
			name = KPSSampleSwift;
			productName = KPSSampleSwift;
			productReference = 8C96700120FDB22500F7DB34 /* KPSSampleSwift.app */;
			productType = "com.apple.product-type.application";
		};
/* End PBXNativeTarget section */

/* Begin PBXProject section */
		8C966FF920FDB22500F7DB34 /* Project object */ = {
			isa = PBXProject;
			attributes = {
				LastSwiftUpdateCheck = 0940;
				LastUpgradeCheck = 0940;
				ORGANIZATIONNAME = "Kryptono Exchange";
				TargetAttributes = {
					8C96700020FDB22500F7DB34 = {
						CreatedOnToolsVersion = 9.4.1;
					};
				};
			};
			buildConfigurationList = 8C966FFC20FDB22500F7DB34 /* Build configuration list for PBXProject "KPSSampleSwift" */;
			compatibilityVersion = "Xcode 9.3";
			developmentRegion = en;
			hasScannedForEncodings = 0;
			knownRegions = (
				en,
				Base,
			);
			mainGroup = 8C966FF820FDB22500F7DB34;
			productRefGroup = 8C96700220FDB22500F7DB34 /* Products */;
			projectDirPath = "";
			projectRoot = "";
			targets = (
				8C96700020FDB22500F7DB34 /* KPSSampleSwift */,
			);
		};
/* End PBXProject section */

/* Begin PBXResourcesBuildPhase section */
		8C966FFF20FDB22500F7DB34 /* Resources */ = {
			isa = PBXResourcesBuildPhase;
			buildActionMask = 2147483647;
			files = (
				8C96700F20FDB22700F7DB34 /* LaunchScreen.storyboard in Resources */,
				8C96700C20FDB22700F7DB34 /* Assets.xcassets in Resources */,
				8C96700A20FDB22500F7DB34 /* Main.storyboard in Resources */,
			);
			runOnlyForDeploymentPostprocessing = 0;
		};
/* End PBXResourcesBuildPhase section */

/* Begin PBXSourcesBuildPhase section */
		8C966FFD20FDB22500F7DB34 /* Sources */ = {
			isa = PBXSourcesBuildPhase;
			buildActionMask = 2147483647;
			files = (
				8C96700720FDB22500F7DB34 /* ViewController.swift in Sources */,
				8C96700520FDB22500F7DB34 /* AppDelegate.swift in Sources */,
			);
			runOnlyForDeploymentPostprocessing = 0;
		};
/* End PBXSourcesBuildPhase section */

/* Begin PBXVariantGroup section */
		8C96700820FDB22500F7DB34 /* Main.storyboard */ = {
			isa = PBXVariantGroup;
			children = (
				8C96700920FDB22500F7DB34 /* Base */,
			);
			name = Main.storyboard;
			sourceTree = "<group>";
		};
		8C96700D20FDB22700F7DB34 /* LaunchScreen.storyboard */ = {
			isa = PBXVariantGroup;
			children = (
				8C96700E20FDB22700F7DB34 /* Base */,
			);
			name = LaunchScreen.storyboard;
			sourceTree = "<group>";
		};
/* End PBXVariantGroup section */

/* Begin XCBuildConfiguration section */
		8C96701120FDB22700F7DB34 /* Debug */ = {
			isa = XCBuildConfiguration;
			buildSettings = {
				ALWAYS_SEARCH_USER_PATHS = NO;
				CLANG_ANALYZER_NONNULL = YES;
				CLANG_ANALYZER_NUMBER_OBJECT_CONVERSION = YES_AGGRESSIVE;
				CLANG_CXX_LANGUAGE_STANDARD = "gnu++14";
				CLANG_CXX_LIBRARY = "libc++";
				CLANG_ENABLE_MODULES = YES;
				CLANG_ENABLE_OBJC_ARC = YES;
				CLANG_ENABLE_OBJC_WEAK = YES;
				CLANG_WARN_BLOCK_CAPTURE_AUTORELEASING = YES;
				CLANG_WARN_BOOL_CONVERSION = YES;
				CLANG_WARN_COMMA = YES;
				CLANG_WARN_CONSTANT_CONVERSION = YES;
				CLANG_WARN_DEPRECATED_OBJC_IMPLEMENTATIONS = YES;
				CLANG_WARN_DIRECT_OBJC_ISA_USAGE = YES_ERROR;
				CLANG_WARN_DOCUMENTATION_COMMENTS = YES;
				CLANG_WARN_EMPTY_BODY = YES;
				CLANG_WARN_ENUM_CONVERSION = YES;
				CLANG_WARN_INFINITE_RECURSION = YES;
				CLANG_WARN_INT_CONVERSION = YES;
				CLANG_WARN_NON_LITERAL_NULL_CONVERSION = YES;
				CLANG_WARN_OBJC_IMPLICIT_RETAIN_SELF = YES;
				CLANG_WARN_OBJC_LITERAL_CONVERSION = YES;
				CLANG_WARN_OBJC_ROOT_CLASS = YES_ERROR;
				CLANG_WARN_RANGE_LOOP_ANALYSIS = YES;
				CLANG_WARN_STRICT_PROTOTYPES = YES;
				CLANG_WARN_SUSPICIOUS_MOVE = YES;
				CLANG_WARN_UNGUARDED_AVAILABILITY = YES_AGGRESSIVE;
				CLANG_WARN_UNREACHABLE_CODE = YES;
				CLANG_WARN__DUPLICATE_METHOD_MATCH = YES;
				CODE_SIGN_IDENTITY = "iPhone Developer";
				COPY_PHASE_STRIP = NO;
				DEBUG_INFORMATION_FORMAT = dwarf;
				ENABLE_STRICT_OBJC_MSGSEND = YES;
				ENABLE_TESTABILITY = YES;
				GCC_C_LANGUAGE_STANDARD = gnu11;
				GCC_DYNAMIC_NO_PIC = NO;
				GCC_NO_COMMON_BLOCKS = YES;
				GCC_OPTIMIZATION_LEVEL = 0;
				GCC_PREPROCESSOR_DEFINITIONS = (
					"DEBUG=1",
					"$(inherited)",
				);
				GCC_WARN_64_TO_32_BIT_CONVERSION = YES;
				GCC_WARN_ABOUT_RETURN_TYPE = YES_ERROR;
				GCC_WARN_UNDECLARED_SELECTOR = YES;
				GCC_WARN_UNINITIALIZED_AUTOS = YES_AGGRESSIVE;
				GCC_WARN_UNUSED_FUNCTION = YES;
				GCC_WARN_UNUSED_VARIABLE = YES;
				IPHONEOS_DEPLOYMENT_TARGET = 11.4;
				MTL_ENABLE_DEBUG_INFO = YES;
				ONLY_ACTIVE_ARCH = YES;
				SDKROOT = iphoneos;
				SWIFT_ACTIVE_COMPILATION_CONDITIONS = DEBUG;
				SWIFT_OPTIMIZATION_LEVEL = "-Onone";
			};
			name = Debug;
		};
		8C96701220FDB22700F7DB34 /* Release */ = {
			isa = XCBuildConfiguration;
			buildSettings = {
				ALWAYS_SEARCH_USER_PATHS = NO;
				CLANG_ANALYZER_NONNULL = YES;
				CLANG_ANALYZER_NUMBER_OBJECT_CONVERSION = YES_AGGRESSIVE;
				CLANG_CXX_LANGUAGE_STANDARD = "gnu++14";
				CLANG_CXX_LIBRARY = "libc++";
				CLANG_ENABLE_MODULES = YES;
				CLANG_ENABLE_OBJC_ARC = YES;
				CLANG_ENABLE_OBJC_WEAK = YES;
				CLANG_WARN_BLOCK_CAPTURE_AUTORELEASING = YES;
				CLANG_WARN_BOOL_CONVERSION = YES;
				CLANG_WARN_COMMA = YES;
				CLANG_WARN_CONSTANT_CONVERSION = YES;
				CLANG_WARN_DEPRECATED_OBJC_IMPLEMENTATIONS = YES;
				CLANG_WARN_DIRECT_OBJC_ISA_USAGE = YES_ERROR;
				CLANG_WARN_DOCUMENTATION_COMMENTS = YES;
				CLANG_WARN_EMPTY_BODY = YES;
				CLANG_WARN_ENUM_CONVERSION = YES;
				CLANG_WARN_INFINITE_RECURSION = YES;
				CLANG_WARN_INT_CONVERSION = YES;
				CLANG_WARN_NON_LITERAL_NULL_CONVERSION = YES;
				CLANG_WARN_OBJC_IMPLICIT_RETAIN_SELF = YES;
				CLANG_WARN_OBJC_LITERAL_CONVERSION = YES;
				CLANG_WARN_OBJC_ROOT_CLASS = YES_ERROR;
				CLANG_WARN_RANGE_LOOP_ANALYSIS = YES;
				CLANG_WARN_STRICT_PROTOTYPES = YES;
				CLANG_WARN_SUSPICIOUS_MOVE = YES;
				CLANG_WARN_UNGUARDED_AVAILABILITY = YES_AGGRESSIVE;
				CLANG_WARN_UNREACHABLE_CODE = YES;
				CLANG_WARN__DUPLICATE_METHOD_MATCH = YES;
				CODE_SIGN_IDENTITY = "iPhone Developer";
				COPY_PHASE_STRIP = NO;
				DEBUG_INFORMATION_FORMAT = "dwarf-with-dsym";
				ENABLE_NS_ASSERTIONS = NO;
				ENABLE_STRICT_OBJC_MSGSEND = YES;
				GCC_C_LANGUAGE_STANDARD = gnu11;
				GCC_NO_COMMON_BLOCKS = YES;
				GCC_WARN_64_TO_32_BIT_CONVERSION = YES;
				GCC_WARN_ABOUT_RETURN_TYPE = YES_ERROR;
				GCC_WARN_UNDECLARED_SELECTOR = YES;
				GCC_WARN_UNINITIALIZED_AUTOS = YES_AGGRESSIVE;
				GCC_WARN_UNUSED_FUNCTION = YES;
				GCC_WARN_UNUSED_VARIABLE = YES;
				IPHONEOS_DEPLOYMENT_TARGET = 11.4;
				MTL_ENABLE_DEBUG_INFO = NO;
				SDKROOT = iphoneos;
				SWIFT_COMPILATION_MODE = wholemodule;
				SWIFT_OPTIMIZATION_LEVEL = "-O";
				VALIDATE_PRODUCT = YES;
			};
			name = Release;
		};
		8C96701420FDB22700F7DB34 /* Debug */ = {
			isa = XCBuildConfiguration;
			buildSettings = {
				ASSETCATALOG_COMPILER_APPICON_NAME = AppIcon;
				CLANG_ALLOW_NON_MODULAR_INCLUDES_IN_FRAMEWORK_MODULES = YES;
				CODE_SIGN_IDENTITY = "iPhone Developer";
				CODE_SIGN_STYLE = Automatic;
				DEFINES_MODULE = YES;
				DEVELOPMENT_TEAM = B8VS96D7R7;
				ENABLE_BITCODE = NO;
				FRAMEWORK_SEARCH_PATHS = (
					"$(inherited)",
					"$(PROJECT_DIR)/KPSSampleSwift/Framework",
				);
				INFOPLIST_FILE = "$(SRCROOT)/KPSSampleSwift/Supporting Files/Info.plist";
				IPHONEOS_DEPLOYMENT_TARGET = 9.0;
				LD_RUNPATH_SEARCH_PATHS = (
					"$(inherited)",
					"@executable_path/Frameworks",
				);
				OTHER_LDFLAGS = "";
				PRODUCT_BUNDLE_IDENTIFIER = exchange.kryptono.sdk.KPSSampleSwift;
				PRODUCT_NAME = "$(TARGET_NAME)";
				PROVISIONING_PROFILE = "";
				PROVISIONING_PROFILE_SPECIFIER = "";
				SWIFT_VERSION = 4.0;
				TARGETED_DEVICE_FAMILY = "1,2";
			};
			name = Debug;
		};
		8C96701520FDB22700F7DB34 /* Release */ = {
			isa = XCBuildConfiguration;
			buildSettings = {
				ASSETCATALOG_COMPILER_APPICON_NAME = AppIcon;
				CLANG_ALLOW_NON_MODULAR_INCLUDES_IN_FRAMEWORK_MODULES = YES;
				CODE_SIGN_IDENTITY = "iPhone Developer";
				CODE_SIGN_STYLE = Automatic;
				DEFINES_MODULE = YES;
				DEVELOPMENT_TEAM = B8VS96D7R7;
				ENABLE_BITCODE = NO;
				FRAMEWORK_SEARCH_PATHS = (
					"$(inherited)",
					"$(PROJECT_DIR)/KPSSampleSwift/Framework",
				);
				INFOPLIST_FILE = "$(SRCROOT)/KPSSampleSwift/Supporting Files/Info.plist";
				IPHONEOS_DEPLOYMENT_TARGET = 9.0;
				LD_RUNPATH_SEARCH_PATHS = (
					"$(inherited)",
					"@executable_path/Frameworks",
				);
				OTHER_LDFLAGS = "";
				PRODUCT_BUNDLE_IDENTIFIER = exchange.kryptono.sdk.KPSSampleSwift;
				PRODUCT_NAME = "$(TARGET_NAME)";
				PROVISIONING_PROFILE = "";
				PROVISIONING_PROFILE_SPECIFIER = "";
				SWIFT_VERSION = 4.0;
				TARGETED_DEVICE_FAMILY = "1,2";
			};
			name = Release;
		};
/* End XCBuildConfiguration section */

/* Begin XCConfigurationList section */
		8C966FFC20FDB22500F7DB34 /* Build configuration list for PBXProject "KPSSampleSwift" */ = {
			isa = XCConfigurationList;
			buildConfigurations = (
				8C96701120FDB22700F7DB34 /* Debug */,
				8C96701220FDB22700F7DB34 /* Release */,
			);
			defaultConfigurationIsVisible = 0;
			defaultConfigurationName = Release;
		};
		8C96701320FDB22700F7DB34 /* Build configuration list for PBXNativeTarget "KPSSampleSwift" */ = {
			isa = XCConfigurationList;
			buildConfigurations = (
				8C96701420FDB22700F7DB34 /* Debug */,
				8C96701520FDB22700F7DB34 /* Release */,
			);
			defaultConfigurationIsVisible = 0;
			defaultConfigurationName = Release;
		};
/* End XCConfigurationList section */
	};
	rootObject = 8C966FF920FDB22500F7DB34 /* Project object */;
}
